
// !$*UTF8*$!
{
  archiveVersion = 1;
  classes = { };
  objectVersion = 52;
  objects = {

    /* Begin PBXBuildFile section */
    B1A2F3A925D1A5D80001F3A0 /* AppDelegate.swift in Sources */ = {isa = PBXBuildFile; fileRef = B1A2F3A925D1A5D80001F3A1; };
    B1A2F3A925D1A5D80001F3A2 /* SceneDelegate.swift in Sources */ = {isa = PBXBuildFile; fileRef = B1A2F3A925D1A5D80001F3A3; };
    B1A2F3A925D1A5D80001F3A4 /* ViewController.swift in Sources */ = {isa = PBXBuildFile; fileRef = B1A2F3A925D1A5D80001F3A5; };
    /* End PBXBuildFile section */

    /* Begin PBXFileReference section */
    B1A2F3A925D1A5D80001F3A1 /* AppDelegate.swift */ = {isa = PBXFileReference; lastKnownFileType = sourcecode.swift; path = AppDelegate.swift; sourceTree = "<group>"; };
    B1A2F3A925D1A5D80001F3A3 /* SceneDelegate.swift */ = {isa = PBXFileReference; lastKnownFileType = sourcecode.swift; path = SceneDelegate.swift; sourceTree = "<group>"; };
    B1A2F3A925D1A5D80001F3A5 /* ViewController.swift */ = {isa = PBXFileReference; lastKnownFileType = sourcecode.swift; path = ViewController.swift; sourceTree = "<group>"; };
    B1A2F3A925D1A5D80001F3A6 /* Info.plist */ = {isa = PBXFileReference; lastKnownFileType = text.plist.xml; path = Info.plist; sourceTree = "<group>"; };
    /* End PBXFileReference section */

    /* Begin PBXGroup section */
    B1A2F3A925D1A5D80001F3A7 = {
      isa = PBXGroup;
      children = (
        B1A2F3A925D1A5D80001F3A1,
        B1A2F3A925D1A5D80001F3A3,
        B1A2F3A925D1A5D80001F3A5,
        B1A2F3A925D1A5D80001F3A6,
      );
      path = TestApp;
      sourceTree = "<group>";
    };
    B1A2F3A925D1A5D80001F3A8 = {
      isa = PBXGroup;
      children = (
        B1A2F3A925D1A5D80001F3A7,
      );
      sourceTree = "<group>";
    };
    /* End PBXGroup section */

    /* Begin PBXNativeTarget section */
    B1A2F3A925D1A5D80001F3A9 = {
      isa = PBXNativeTarget;
      buildConfigurationList = B1A2F3A925D1A5D80001F3AE;
      buildPhases = (
        B1A2F3A925D1A5D80001F3AA,
      );
      buildRules = ( );
      dependencies = ( );
      name = TestApp;
      productName = TestApp;
      productType = "com.apple.product-type.application";
    };
    /* End PBXNativeTarget section */

    /* Begin PBXProject section */
    B1A2F3A925D1A5D80001F3AB = {
      isa = PBXProject;
      buildConfigurationList = B1A2F3A925D1A5D80001F3AD;
      compatibilityVersion = "Xcode 12.0";
      developmentRegion = en;
      hasScannedForEncodings = 0;
      knownRegions = (
        en,
      );
      mainGroup = B1A2F3A925D1A5D80001F3A8;
      targets = (
        B1A2F3A925D1A5D80001F3A9,
      );
    };
    /* End PBXProject section */

    /* Begin PBXSourcesBuildPhase section */
    B1A2F3A925D1A5D80001F3AA = {
      isa = PBXSourcesBuildPhase;
      buildActionMask = 2147483647;
      files = (
        B1A2F3A925D1A5D80001F3A0,
        B1A2F3A925D1A5D80001F3A2,
        B1A2F3A925D1A5D80001F3A4,
      );
      runOnlyForDeploymentPostprocessing = 0;
    };
    /* End PBXSourcesBuildPhase section */

    /* Begin XCBuildConfiguration section */
    B1A2F3A925D1A5D80001F3AC = {
      isa = XCBuildConfiguration;
      buildSettings = {
        PRODUCT_NAME = "$(TARGET_NAME)";
        INFOPLIST_FILE = TestApp/Info.plist;
        SWIFT_VERSION = 5.0;
        CODE_SIGN_IDENTITY = "iPhone Developer";
      };
      name = Release;
    };
    B1A2F3A925D1A5D80001F3AF = {
      isa = XCBuildConfiguration;
      buildSettings = {
        PRODUCT_NAME = "$(TARGET_NAME)";
        INFOPLIST_FILE = TestApp/Info.plist;
        SWIFT_VERSION = 5.0;
        CODE_SIGN_IDENTITY = "iPhone Developer";
      };
      name = Debug;
    };
    /* End XCBuildConfiguration section */

    /* Begin XCConfigurationList section */
    B1A2F3A925D1A5D80001F3AD = {
      isa = XCConfigurationList;
      buildConfigurations = (
        B1A2F3A925D1A5D80001F3AF,
      );
      defaultConfigurationIsVisible = 0;
    };
    B1A2F3A925D1A5D80001F3AE = {
      isa = XCConfigurationList;
      buildConfigurations = (
        B1A2F3A925D1A5D80001F3AC,
      );
      defaultConfigurationIsVisible = 0;
    };
    /* End XCConfigurationList section */
  };
  rootObject = B1A2F3A925D1A5D80001F3AB;
}
